// !$*UTF8*$!
{
	archiveVersion = 1;
	classes = {
	};
	objectVersion = 50;
	objects = {

/* Begin PBXBuildFile section */
		8F07742D247BD4B500DE443E /* CategoryCell.swift in Sources */ = {isa = PBXBuildFile; fileRef = 8F07742C247BD4B500DE443E /* CategoryCell.swift */; };
		8FBE0DE7247BDB18003B1D99 /* Category.swift in Sources */ = {isa = PBXBuildFile; fileRef = 8FBE0DE6247BDB18003B1D99 /* Category.swift */; };
		8FBE0DEA247BDC80003B1D99 /* DataService.swift in Sources */ = {isa = PBXBuildFile; fileRef = 8FBE0DE9247BDC80003B1D99 /* DataService.swift */; };
		8FBE0DEC247BEB6C003B1D99 /* ProductCell.swift in Sources */ = {isa = PBXBuildFile; fileRef = 8FBE0DEB247BEB6C003B1D99 /* ProductCell.swift */; };
		8FBE0DF0247BECDC003B1D99 /* Product.swift in Sources */ = {isa = PBXBuildFile; fileRef = 8FBE0DEF247BECDC003B1D99 /* Product.swift */; };
		8FBE0DF2247BF19B003B1D99 /* ProductsVC.swift in Sources */ = {isa = PBXBuildFile; fileRef = 8FBE0DF1247BF19B003B1D99 /* ProductsVC.swift */; };
		8FF7301A247BC9630059192C /* AppDelegate.swift in Sources */ = {isa = PBXBuildFile; fileRef = 8FF73019247BC9630059192C /* AppDelegate.swift */; };
		8FF7301C247BC9630059192C /* SceneDelegate.swift in Sources */ = {isa = PBXBuildFile; fileRef = 8FF7301B247BC9630059192C /* SceneDelegate.swift */; };
		8FF7301E247BC9630059192C /* CategoriesVC.swift in Sources */ = {isa = PBXBuildFile; fileRef = 8FF7301D247BC9630059192C /* CategoriesVC.swift */; };
		8FF73021247BC9630059192C /* Main.storyboard in Resources */ = {isa = PBXBuildFile; fileRef = 8FF7301F247BC9630059192C /* Main.storyboard */; };
		8FF73023247BC9690059192C /* Assets.xcassets in Resources */ = {isa = PBXBuildFile; fileRef = 8FF73022247BC9690059192C /* Assets.xcassets */; };
		8FF73026247BC9690059192C /* LaunchScreen.storyboard in Resources */ = {isa = PBXBuildFile; fileRef = 8FF73024247BC9690059192C /* LaunchScreen.storyboard */; };
/* End PBXBuildFile section */

/* Begin PBXFileReference section */
		8F07742C247BD4B500DE443E /* CategoryCell.swift */ = {isa = PBXFileReference; lastKnownFileType = sourcecode.swift; path = CategoryCell.swift; sourceTree = "<group>"; };
		8FBE0DE6247BDB18003B1D99 /* Category.swift */ = {isa = PBXFileReference; lastKnownFileType = sourcecode.swift; path = Category.swift; sourceTree = "<group>"; };
		8FBE0DE9247BDC80003B1D99 /* DataService.swift */ = {isa = PBXFileReference; lastKnownFileType = sourcecode.swift; path = DataService.swift; sourceTree = "<group>"; };
		8FBE0DEB247BEB6C003B1D99 /* ProductCell.swift */ = {isa = PBXFileReference; lastKnownFileType = sourcecode.swift; path = ProductCell.swift; sourceTree = "<group>"; };
		8FBE0DEF247BECDC003B1D99 /* Product.swift */ = {isa = PBXFileReference; lastKnownFileType = sourcecode.swift; path = Product.swift; sourceTree = "<group>"; };
		8FBE0DF1247BF19B003B1D99 /* ProductsVC.swift */ = {isa = PBXFileReference; lastKnownFileType = sourcecode.swift; path = ProductsVC.swift; sourceTree = "<group>"; };
		8FF73016247BC9630059192C /* coderSwag.app */ = {isa = PBXFileReference; explicitFileType = wrapper.application; includeInIndex = 0; path = coderSwag.app; sourceTree = BUILT_PRODUCTS_DIR; };
		8FF73019247BC9630059192C /* AppDelegate.swift */ = {isa = PBXFileReference; lastKnownFileType = sourcecode.swift; path = AppDelegate.swift; sourceTree = "<group>"; };
		8FF7301B247BC9630059192C /* SceneDelegate.swift */ = {isa = PBXFileReference; lastKnownFileType = sourcecode.swift; path = SceneDelegate.swift; sourceTree = "<group>"; };
		8FF7301D247BC9630059192C /* CategoriesVC.swift */ = {isa = PBXFileReference; lastKnownFileType = sourcecode.swift; path = CategoriesVC.swift; sourceTree = "<group>"; };
		8FF73020247BC9630059192C /* Base */ = {isa = PBXFileReference; lastKnownFileType = file.storyboard; name = Base; path = Base.lproj/Main.storyboard; sourceTree = "<group>"; };
		8FF73022247BC9690059192C /* Assets.xcassets */ = {isa = PBXFileReference; lastKnownFileType = folder.assetcatalog; path = Assets.xcassets; sourceTree = "<group>"; };
		8FF73025247BC9690059192C /* Base */ = {isa = PBXFileReference; lastKnownFileType = file.storyboard; name = Base; path = Base.lproj/LaunchScreen.storyboard; sourceTree = "<group>"; };
		8FF73027247BC9690059192C /* Info.plist */ = {isa = PBXFileReference; lastKnownFileType = text.plist.xml; path = Info.plist; sourceTree = "<group>"; };
/* End PBXFileReference section */

/* Begin PBXFrameworksBuildPhase section */
		8FF73013247BC9630059192C /* Frameworks */ = {
			isa = PBXFrameworksBuildPhase;
			buildActionMask = 2147483647;
			files = (
			);
			runOnlyForDeploymentPostprocessing = 0;
		};
/* End PBXFrameworksBuildPhase section */

/* Begin PBXGroup section */
		8F077429247BD40000DE443E /* Controllers */ = {
			isa = PBXGroup;
			children = (
				8FF7301D247BC9630059192C /* CategoriesVC.swift */,
				8FBE0DF1247BF19B003B1D99 /* ProductsVC.swift */,
			);
			path = Controllers;
			sourceTree = "<group>";
		};
		8F07742A247BD40A00DE443E /* Models */ = {
			isa = PBXGroup;
			children = (
				8FBE0DE6247BDB18003B1D99 /* Category.swift */,
				8FBE0DEF247BECDC003B1D99 /* Product.swift */,
			);
			path = Models;
			sourceTree = "<group>";
		};
		8F07742B247BD46B00DE443E /* View */ = {
			isa = PBXGroup;
			children = (
				8F07742C247BD4B500DE443E /* CategoryCell.swift */,
				8FBE0DEB247BEB6C003B1D99 /* ProductCell.swift */,
			);
			path = View;
			sourceTree = "<group>";
		};
		8FBE0DE8247BDC6E003B1D99 /* Services */ = {
			isa = PBXGroup;
			children = (
				8FBE0DE9247BDC80003B1D99 /* DataService.swift */,
			);
			path = Services;
			sourceTree = "<group>";
		};
		8FF7300D247BC9630059192C = {
			isa = PBXGroup;
			children = (
				8FF73018247BC9630059192C /* coderSwag */,
				8FF73017247BC9630059192C /* Products */,
			);
			sourceTree = "<group>";
		};
		8FF73017247BC9630059192C /* Products */ = {
			isa = PBXGroup;
			children = (
				8FF73016247BC9630059192C /* coderSwag.app */,
			);
			name = Products;
			sourceTree = "<group>";
		};
		8FF73018247BC9630059192C /* coderSwag */ = {
			isa = PBXGroup;
			children = (
				8FBE0DE8247BDC6E003B1D99 /* Services */,
				8F07742B247BD46B00DE443E /* View */,
				8F07742A247BD40A00DE443E /* Models */,
				8F077429247BD40000DE443E /* Controllers */,
				8FF73019247BC9630059192C /* AppDelegate.swift */,
				8FF7301B247BC9630059192C /* SceneDelegate.swift */,
				8FF7301F247BC9630059192C /* Main.storyboard */,
				8FF73022247BC9690059192C /* Assets.xcassets */,
				8FF73024247BC9690059192C /* LaunchScreen.storyboard */,
				8FF73027247BC9690059192C /* Info.plist */,
			);
			path = coderSwag;
			sourceTree = "<group>";
		};
/* End PBXGroup section */

/* Begin PBXNativeTarget section */
		8FF73015247BC9630059192C /* coderSwag */ = {
			isa = PBXNativeTarget;
			buildConfigurationList = 8FF7302A247BC9690059192C /* Build configuration list for PBXNativeTarget "coderSwag" */;
			buildPhases = (
				8FF73012247BC9630059192C /* Sources */,
				8FF73013247BC9630059192C /* Frameworks */,
				8FF73014247BC9630059192C /* Resources */,
			);
			buildRules = (
			);
			dependencies = (
			);
			name = coderSwag;
			productName = coderSwag;
			productReference = 8FF73016247BC9630059192C /* coderSwag.app */;
			productType = "com.apple.product-type.application";
		};
/* End PBXNativeTarget section */

/* Begin PBXProject section */
		8FF7300E247BC9630059192C /* Project object */ = {
			isa = PBXProject;
			attributes = {
				LastSwiftUpdateCheck = 1130;
				LastUpgradeCheck = 1130;
				ORGANIZATIONNAME = "Pokrovksy Ilya";
				TargetAttributes = {
					8FF73015247BC9630059192C = {
						CreatedOnToolsVersion = 11.3.1;
					};
				};
			};
			buildConfigurationList = 8FF73011247BC9630059192C /* Build configuration list for PBXProject "coderSwag" */;
			compatibilityVersion = "Xcode 9.3";
			developmentRegion = en;
			hasScannedForEncodings = 0;
			knownRegions = (
				en,
				Base,
			);
			mainGroup = 8FF7300D247BC9630059192C;
			productRefGroup = 8FF73017247BC9630059192C /* Products */;
			projectDirPath = "";
			projectRoot = "";
			targets = (
				8FF73015247BC9630059192C /* coderSwag */,
			);
		};
/* End PBXProject section */

/* Begin PBXResourcesBuildPhase section */
		8FF73014247BC9630059192C /* Resources */ = {
			isa = PBXResourcesBuildPhase;
			buildActionMask = 2147483647;
			files = (
				8FF73026247BC9690059192C /* LaunchScreen.storyboard in Resources */,
				8FF73023247BC9690059192C /* Assets.xcassets in Resources */,
				8FF73021247BC9630059192C /* Main.storyboard in Resources */,
			);
			runOnlyForDeploymentPostprocessing = 0;
		};
/* End PBXResourcesBuildPhase section */

/* Begin PBXSourcesBuildPhase section */
		8FF73012247BC9630059192C /* Sources */ = {
			isa = PBXSourcesBuildPhase;
			buildActionMask = 2147483647;
			files = (
				8FBE0DEC247BEB6C003B1D99 /* ProductCell.swift in Sources */,
				8FBE0DF0247BECDC003B1D99 /* Product.swift in Sources */,
				8FF7301E247BC9630059192C /* CategoriesVC.swift in Sources */,
				8FBE0DE7247BDB18003B1D99 /* Category.swift in Sources */,
				8FF7301A247BC9630059192C /* AppDelegate.swift in Sources */,
				8FBE0DEA247BDC80003B1D99 /* DataService.swift in Sources */,
				8FF7301C247BC9630059192C /* SceneDelegate.swift in Sources */,
				8F07742D247BD4B500DE443E /* CategoryCell.swift in Sources */,
				8FBE0DF2247BF19B003B1D99 /* ProductsVC.swift in Sources */,
			);
			runOnlyForDeploymentPostprocessing = 0;
		};
/* End PBXSourcesBuildPhase section */

/* Begin PBXVariantGroup section */
		8FF7301F247BC9630059192C /* Main.storyboard */ = {
			isa = PBXVariantGroup;
			children = (
				8FF73020247BC9630059192C /* Base */,
			);
			name = Main.storyboard;
			sourceTree = "<group>";
		};
		8FF73024247BC9690059192C /* LaunchScreen.storyboard */ = {
			isa = PBXVariantGroup;
			children = (
				8FF73025247BC9690059192C /* Base */,
			);
			name = LaunchScreen.storyboard;
			sourceTree = "<group>";
		};
/* End PBXVariantGroup section */

/* Begin XCBuildConfiguration section */
		8FF73028247BC9690059192C /* Debug */ = {
			isa = XCBuildConfiguration;
			buildSettings = {
				ALWAYS_SEARCH_USER_PATHS = NO;
				CLANG_ANALYZER_NONNULL = YES;
				CLANG_ANALYZER_NUMBER_OBJECT_CONVERSION = YES_AGGRESSIVE;
				CLANG_CXX_LANGUAGE_STANDARD = "gnu++14";
				CLANG_CXX_LIBRARY = "libc++";
				CLANG_ENABLE_MODULES = YES;
				CLANG_ENABLE_OBJC_ARC = YES;
				CLANG_ENABLE_OBJC_WEAK = YES;
				CLANG_WARN_BLOCK_CAPTURE_AUTORELEASING = YES;
				CLANG_WARN_BOOL_CONVERSION = YES;
				CLANG_WARN_COMMA = YES;
				CLANG_WARN_CONSTANT_CONVERSION = YES;
				CLANG_WARN_DEPRECATED_OBJC_IMPLEMENTATIONS = YES;
				CLANG_WARN_DIRECT_OBJC_ISA_USAGE = YES_ERROR;
				CLANG_WARN_DOCUMENTATION_COMMENTS = YES;
				CLANG_WARN_EMPTY_BODY = YES;
				CLANG_WARN_ENUM_CONVERSION = YES;
				CLANG_WARN_INFINITE_RECURSION = YES;
				CLANG_WARN_INT_CONVERSION = YES;
				CLANG_WARN_NON_LITERAL_NULL_CONVERSION = YES;
				CLANG_WARN_OBJC_IMPLICIT_RETAIN_SELF = YES;
				CLANG_WARN_OBJC_LITERAL_CONVERSION = YES;
				CLANG_WARN_OBJC_ROOT_CLASS = YES_ERROR;
				CLANG_WARN_RANGE_LOOP_ANALYSIS = YES;
				CLANG_WARN_STRICT_PROTOTYPES = YES;
				CLANG_WARN_SUSPICIOUS_MOVE = YES;
				CLANG_WARN_UNGUARDED_AVAILABILITY = YES_AGGRESSIVE;
				CLANG_WARN_UNREACHABLE_CODE = YES;
				CLANG_WARN__DUPLICATE_METHOD_MATCH = YES;
				COPY_PHASE_STRIP = NO;
				DEBUG_INFORMATION_FORMAT = dwarf;
				ENABLE_STRICT_OBJC_MSGSEND = YES;
				ENABLE_TESTABILITY = YES;
				GCC_C_LANGUAGE_STANDARD = gnu11;
				GCC_DYNAMIC_NO_PIC = NO;
				GCC_NO_COMMON_BLOCKS = YES;
				GCC_OPTIMIZATION_LEVEL = 0;
				GCC_PREPROCESSOR_DEFINITIONS = (
					"DEBUG=1",
					"$(inherited)",
				);
				GCC_WARN_64_TO_32_BIT_CONVERSION = YES;
				GCC_WARN_ABOUT_RETURN_TYPE = YES_ERROR;
				GCC_WARN_UNDECLARED_SELECTOR = YES;
				GCC_WARN_UNINITIALIZED_AUTOS = YES_AGGRESSIVE;
				GCC_WARN_UNUSED_FUNCTION = YES;
				GCC_WARN_UNUSED_VARIABLE = YES;
				IPHONEOS_DEPLOYMENT_TARGET = 13.2;
				MTL_ENABLE_DEBUG_INFO = INCLUDE_SOURCE;
				MTL_FAST_MATH = YES;
				ONLY_ACTIVE_ARCH = YES;
				SDKROOT = iphoneos;
				SWIFT_ACTIVE_COMPILATION_CONDITIONS = DEBUG;
				SWIFT_OPTIMIZATION_LEVEL = "-Onone";
			};
			name = Debug;
		};
		8FF73029247BC9690059192C /* Release */ = {
			isa = XCBuildConfiguration;
			buildSettings = {
				ALWAYS_SEARCH_USER_PATHS = NO;
				CLANG_ANALYZER_NONNULL = YES;
				CLANG_ANALYZER_NUMBER_OBJECT_CONVERSION = YES_AGGRESSIVE;
				CLANG_CXX_LANGUAGE_STANDARD = "gnu++14";
				CLANG_CXX_LIBRARY = "libc++";
				CLANG_ENABLE_MODULES = YES;
				CLANG_ENABLE_OBJC_ARC = YES;
				CLANG_ENABLE_OBJC_WEAK = YES;
				CLANG_WARN_BLOCK_CAPTURE_AUTORELEASING = YES;
				CLANG_WARN_BOOL_CONVERSION = YES;
				CLANG_WARN_COMMA = YES;
				CLANG_WARN_CONSTANT_CONVERSION = YES;
				CLANG_WARN_DEPRECATED_OBJC_IMPLEMENTATIONS = YES;
				CLANG_WARN_DIRECT_OBJC_ISA_USAGE = YES_ERROR;
				CLANG_WARN_DOCUMENTATION_COMMENTS = YES;
				CLANG_WARN_EMPTY_BODY = YES;
				CLANG_WARN_ENUM_CONVERSION = YES;
				CLANG_WARN_INFINITE_RECURSION = YES;
				CLANG_WARN_INT_CONVERSION = YES;
				CLANG_WARN_NON_LITERAL_NULL_CONVERSION = YES;
				CLANG_WARN_OBJC_IMPLICIT_RETAIN_SELF = YES;
				CLANG_WARN_OBJC_LITERAL_CONVERSION = YES;
				CLANG_WARN_OBJC_ROOT_CLASS = YES_ERROR;
				CLANG_WARN_RANGE_LOOP_ANALYSIS = YES;
				CLANG_WARN_STRICT_PROTOTYPES = YES;
				CLANG_WARN_SUSPICIOUS_MOVE = YES;
				CLANG_WARN_UNGUARDED_AVAILABILITY = YES_AGGRESSIVE;
				CLANG_WARN_UNREACHABLE_CODE = YES;
				CLANG_WARN__DUPLICATE_METHOD_MATCH = YES;
				COPY_PHASE_STRIP = NO;
				DEBUG_INFORMATION_FORMAT = "dwarf-with-dsym";
				ENABLE_NS_ASSERTIONS = NO;
				ENABLE_STRICT_OBJC_MSGSEND = YES;
				GCC_C_LANGUAGE_STANDARD = gnu11;
				GCC_NO_COMMON_BLOCKS = YES;
				GCC_WARN_64_TO_32_BIT_CONVERSION = YES;
				GCC_WARN_ABOUT_RETURN_TYPE = YES_ERROR;
				GCC_WARN_UNDECLARED_SELECTOR = YES;
				GCC_WARN_UNINITIALIZED_AUTOS = YES_AGGRESSIVE;
				GCC_WARN_UNUSED_FUNCTION = YES;
				GCC_WARN_UNUSED_VARIABLE = YES;
				IPHONEOS_DEPLOYMENT_TARGET = 13.2;
				MTL_ENABLE_DEBUG_INFO = NO;
				MTL_FAST_MATH = YES;
				SDKROOT = iphoneos;
				SWIFT_COMPILATION_MODE = wholemodule;
				SWIFT_OPTIMIZATION_LEVEL = "-O";
				VALIDATE_PRODUCT = YES;
			};
			name = Release;
		};
		8FF7302B247BC9690059192C /* Debug */ = {
			isa = XCBuildConfiguration;
			buildSettings = {
				ASSETCATALOG_COMPILER_APPICON_NAME = AppIcon;
				CODE_SIGN_STYLE = Automatic;
				DEVELOPMENT_TEAM = 6SQ22USRT6;
				INFOPLIST_FILE = coderSwag/Info.plist;
				LD_RUNPATH_SEARCH_PATHS = (
					"$(inherited)",
					"@executable_path/Frameworks",
				);
				PRODUCT_BUNDLE_IDENTIFIER = Pokrovsky.inc.coderSwag;
				PRODUCT_NAME = "$(TARGET_NAME)";
				SWIFT_VERSION = 5.0;
				TARGETED_DEVICE_FAMILY = "1,2";
			};
			name = Debug;
		};
		8FF7302C247BC9690059192C /* Release */ = {
			isa = XCBuildConfiguration;
			buildSettings = {
				ASSETCATALOG_COMPILER_APPICON_NAME = AppIcon;
				CODE_SIGN_STYLE = Automatic;
				DEVELOPMENT_TEAM = 6SQ22USRT6;
				INFOPLIST_FILE = coderSwag/Info.plist;
				LD_RUNPATH_SEARCH_PATHS = (
					"$(inherited)",
					"@executable_path/Frameworks",
				);
				PRODUCT_BUNDLE_IDENTIFIER = Pokrovsky.inc.coderSwag;
				PRODUCT_NAME = "$(TARGET_NAME)";
				SWIFT_VERSION = 5.0;
				TARGETED_DEVICE_FAMILY = "1,2";
			};
			name = Release;
		};
/* End XCBuildConfiguration section */

/* Begin XCConfigurationList section */
		8FF73011247BC9630059192C /* Build configuration list for PBXProject "coderSwag" */ = {
			isa = XCConfigurationList;
			buildConfigurations = (
				8FF73028247BC9690059192C /* Debug */,
				8FF73029247BC9690059192C /* Release */,
			);
			defaultConfigurationIsVisible = 0;
			defaultConfigurationName = Release;
		};
		8FF7302A247BC9690059192C /* Build configuration list for PBXNativeTarget "coderSwag" */ = {
			isa = XCConfigurationList;
			buildConfigurations = (
				8FF7302B247BC9690059192C /* Debug */,
				8FF7302C247BC9690059192C /* Release */,
			);
			defaultConfigurationIsVisible = 0;
			defaultConfigurationName = Release;
		};
/* End XCConfigurationList section */
	};
	rootObject = 8FF7300E247BC9630059192C /* Project object */;
}
